
Microsoft Visual Studio Solution File, Format Version 12.00
# Visual Studio Version 17
VisualStudioVersion = 17.0.31903.59
MinimumVisualStudioVersion = 10.0.40219.1
Project("{FAE04EC0-301F-11D3-BF4B-00C04F79EFBC}") = "Calculadora.Core", "Calculadora.Core\Calculadora.Core.csproj", "{1F23E073-1E4B-4561-8257-B4A7A478B430}"
EndProject
Project("{FAE04EC0-301F-11D3-BF4B-00C04F79EFBC}") = "Calculadora.Core.Tests", "Calculadora.Core.Tests\Calculadora.Core.Tests.csproj", "{B5539FAF-7B09-49FF-B3C5-6D1961132BE7}"
EndProject
Global
	GlobalSection(SolutionConfigurationPlatforms) = preSolution
		Debug|Any CPU = Debug|Any CPU
		Release|Any CPU = Release|Any CPU
	EndGlobalSection
	GlobalSection(SolutionProperties) = preSolution
		HideSolutionNode = FALSE
	EndGlobalSection
	GlobalSection(ProjectConfigurationPlatforms) = postSolution
		{1F23E073-1E4B-4561-8257-B4A7A478B430}.Debug|Any CPU.ActiveCfg = Debug|Any CPU
		{1F23E073-1E4B-4561-8257-B4A7A478B430}.Debug|Any CPU.Build.0 = Debug|Any CPU
		{1F23E073-1E4B-4561-8257-B4A7A478B430}.Release|Any CPU.ActiveCfg = Release|Any CPU
		{1F23E073-1E4B-4561-8257-B4A7A478B430}.Release|Any CPU.Build.0 = Release|Any CPU
		{B5539FAF-7B09-49FF-B3C5-6D1961132BE7}.Debug|Any CPU.ActiveCfg = Debug|Any CPU
		{B5539FAF-7B09-49FF-B3C5-6D1961132BE7}.Debug|Any CPU.Build.0 = Debug|Any CPU
		{B5539FAF-7B09-49FF-B3C5-6D1961132BE7}.Release|Any CPU.ActiveCfg = Release|Any CPU
		{B5539FAF-7B09-49FF-B3C5-6D1961132BE7}.Release|Any CPU.Build.0 = Release|Any CPU
	EndGlobalSection
EndGlobal
